// !$*UTF8*$!
{
	archiveVersion = 1;
	classes = {
	};
	objectVersion = 50;
	objects = {

/* Begin PBXBuildFile section */
		01AF2EE82394614900207522 /* RulesScreen.storyboard in Resources */ = {isa = PBXBuildFile; fileRef = 01AF2EE72394614900207522 /* RulesScreen.storyboard */; };
		01AF2EEA239461D000207522 /* RuleScreenController.swift in Sources */ = {isa = PBXBuildFile; fileRef = 01AF2EE9239461D000207522 /* RuleScreenController.swift */; };
		07229F98239A9A7E00F8E251 /* Players.storyboard in Resources */ = {isa = PBXBuildFile; fileRef = 0781C323239A770B00D0C9E0 /* Players.storyboard */; };
		07229F99239A9A8F00F8E251 /* PlayersViewController.swift in Sources */ = {isa = PBXBuildFile; fileRef = 0781C327239A77E100D0C9E0 /* PlayersViewController.swift */; };
		07229F9B239BEFFB00F8E251 /* RequestHelpPopUp.swift in Sources */ = {isa = PBXBuildFile; fileRef = 07229F9A239BEFFB00F8E251 /* RequestHelpPopUp.swift */; };
		07229F9F239BFB8D00F8E251 /* RequestHelpPopUp.storyboard in Resources */ = {isa = PBXBuildFile; fileRef = 07229F9E239BFB8D00F8E251 /* RequestHelpPopUp.storyboard */; };
		073C841B23914C8D00B02366 /* SessionHandler.swift in Sources */ = {isa = PBXBuildFile; fileRef = 073C841A23914C8D00B02366 /* SessionHandler.swift */; };
		073C841F2391590300B02366 /* Carta.swift in Sources */ = {isa = PBXBuildFile; fileRef = 073C841E2391590300B02366 /* Carta.swift */; };
		07455DC9239C28C700BAA49A /* Rodada.swift in Sources */ = {isa = PBXBuildFile; fileRef = 07455DC8239C28C700BAA49A /* Rodada.swift */; };
		075983A5239D6C660027CB21 /* ResultPopUp.storyboard in Resources */ = {isa = PBXBuildFile; fileRef = 075983A4239D6C650027CB21 /* ResultPopUp.storyboard */; };
		0781C31D239971CD00D0C9E0 /* Model.swift in Sources */ = {isa = PBXBuildFile; fileRef = 073C841C239158F500B02366 /* Model.swift */; };
		0781C31E239971DB00D0C9E0 /* Instrucao.swift in Sources */ = {isa = PBXBuildFile; fileRef = 01C2BCED23992B6200D13927 /* Instrucao.swift */; };
		0781C320239971F100D0C9E0 /* Tarefa.swift in Sources */ = {isa = PBXBuildFile; fileRef = 0781C31F239971F100D0C9E0 /* Tarefa.swift */; };
		0781C3212399739100D0C9E0 /* CardViewController.swift in Sources */ = {isa = PBXBuildFile; fileRef = 073C842823915ED700B02366 /* CardViewController.swift */; };
		0781C322239973BD00D0C9E0 /* Card 2.storyboard in Resources */ = {isa = PBXBuildFile; fileRef = 073C842423915E3D00B02366 /* Card 2.storyboard */; };
		079690572396AB21002DC8A9 /* (null) in Sources */ = {isa = PBXBuildFile; };
		07A41B1C238FEDF00024AA60 /* Player.swift in Sources */ = {isa = PBXBuildFile; fileRef = 07A41B1B238FEDF00024AA60 /* Player.swift */; };
		07B0DF82239953AF00BF267B /* ConfeteVert.sks in Resources */ = {isa = PBXBuildFile; fileRef = 07B0DF7A239953AE00BF267B /* ConfeteVert.sks */; };
		07B0DF83239953AF00BF267B /* WaitingRoom.sks in Resources */ = {isa = PBXBuildFile; fileRef = 07B0DF7B239953AE00BF267B /* WaitingRoom.sks */; };
		07B0DF85239953AF00BF267B /* VerticalScene.sks in Resources */ = {isa = PBXBuildFile; fileRef = 07B0DF7D239953AE00BF267B /* VerticalScene.sks */; };
		07B0DF86239953AF00BF267B /* HorizontalScene.sks in Resources */ = {isa = PBXBuildFile; fileRef = 07B0DF7E239953AE00BF267B /* HorizontalScene.sks */; };
		07B0DF87239953AF00BF267B /* AllCards.storyboard in Resources */ = {isa = PBXBuildFile; fileRef = 07B0DF7F239953AE00BF267B /* AllCards.storyboard */; };
		07B0DF89239953AF00BF267B /* WaitingPlayers.storyboard in Resources */ = {isa = PBXBuildFile; fileRef = 07B0DF81239953AF00BF267B /* WaitingPlayers.storyboard */; };
		07B0DF8B239953BC00BF267B /* Colors.swift in Sources */ = {isa = PBXBuildFile; fileRef = 07B0DF8A239953BC00BF267B /* Colors.swift */; };
		07B0DF91239953EA00BF267B /* AllCardsViewController.swift in Sources */ = {isa = PBXBuildFile; fileRef = 07B0DF8C239953EA00BF267B /* AllCardsViewController.swift */; };
		07B0DF92239953EA00BF267B /* WaitingPlayersViewController.swift in Sources */ = {isa = PBXBuildFile; fileRef = 07B0DF8D239953EA00BF267B /* WaitingPlayersViewController.swift */; };
		07B0DF93239953EA00BF267B /* VerticalScene.swift in Sources */ = {isa = PBXBuildFile; fileRef = 07B0DF8E239953EA00BF267B /* VerticalScene.swift */; };
		07B0DF94239953EA00BF267B /* ResultPopUp.swift in Sources */ = {isa = PBXBuildFile; fileRef = 07B0DF8F239953EA00BF267B /* ResultPopUp.swift */; };
		88E7913E239A84B70056CEAF /* WinScene.sks in Resources */ = {isa = PBXBuildFile; fileRef = 88E7913C239A84B70056CEAF /* WinScene.sks */; };
		88E7913F239A84B70056CEAF /* Win.storyboard in Resources */ = {isa = PBXBuildFile; fileRef = 88E7913D239A84B70056CEAF /* Win.storyboard */; };
		88E79142239A84C80056CEAF /* WinScene.swift in Sources */ = {isa = PBXBuildFile; fileRef = 88E79140239A84C80056CEAF /* WinScene.swift */; };
		88E79143239A84C80056CEAF /* WinViewController.swift in Sources */ = {isa = PBXBuildFile; fileRef = 88E79141239A84C80056CEAF /* WinViewController.swift */; };
		88E79145239A9E380056CEAF /* HorizontalScene.swift in Sources */ = {isa = PBXBuildFile; fileRef = 88E79144239A9E380056CEAF /* HorizontalScene.swift */; };
		88E79149239BE6240056CEAF /* WaitingRoom.swift in Sources */ = {isa = PBXBuildFile; fileRef = 88E79148239BE6240056CEAF /* WaitingRoom.swift */; };
		A4898010228F49E700852716 /* AppDelegate.swift in Sources */ = {isa = PBXBuildFile; fileRef = A489800F228F49E700852716 /* AppDelegate.swift */; };
		A4898012228F49E700852716 /* ViewController.swift in Sources */ = {isa = PBXBuildFile; fileRef = A4898011228F49E700852716 /* ViewController.swift */; };
		A4898015228F49E700852716 /* Main.storyboard in Resources */ = {isa = PBXBuildFile; fileRef = A4898013228F49E700852716 /* Main.storyboard */; };
		A4898017228F49E800852716 /* Assets.xcassets in Resources */ = {isa = PBXBuildFile; fileRef = A4898016228F49E800852716 /* Assets.xcassets */; };
		A489801A228F49E800852716 /* LaunchScreen.storyboard in Resources */ = {isa = PBXBuildFile; fileRef = A4898018228F49E800852716 /* LaunchScreen.storyboard */; };
/* End PBXBuildFile section */

/* Begin PBXFileReference section */
		019C60D023995B7A006237C7 /* Model.swift */ = {isa = PBXFileReference; lastKnownFileType = sourcecode.swift; path = Model.swift; sourceTree = "<group>"; };
		01AF2EE72394614900207522 /* RulesScreen.storyboard */ = {isa = PBXFileReference; lastKnownFileType = file.storyboard; path = RulesScreen.storyboard; sourceTree = "<group>"; };
		01AF2EE9239461D000207522 /* RuleScreenController.swift */ = {isa = PBXFileReference; lastKnownFileType = sourcecode.swift; path = RuleScreenController.swift; sourceTree = "<group>"; };
		01C2BCED23992B6200D13927 /* Instrucao.swift */ = {isa = PBXFileReference; lastKnownFileType = sourcecode.swift; path = Instrucao.swift; sourceTree = "<group>"; };
		07229F9A239BEFFB00F8E251 /* RequestHelpPopUp.swift */ = {isa = PBXFileReference; lastKnownFileType = sourcecode.swift; path = RequestHelpPopUp.swift; sourceTree = "<group>"; };
		07229F9E239BFB8D00F8E251 /* RequestHelpPopUp.storyboard */ = {isa = PBXFileReference; lastKnownFileType = file.storyboard; path = RequestHelpPopUp.storyboard; sourceTree = "<group>"; };
		073C841A23914C8D00B02366 /* SessionHandler.swift */ = {isa = PBXFileReference; lastKnownFileType = sourcecode.swift; path = SessionHandler.swift; sourceTree = "<group>"; };
		073C841C239158F500B02366 /* Model.swift */ = {isa = PBXFileReference; fileEncoding = 4; lastKnownFileType = sourcecode.swift; path = Model.swift; sourceTree = "<group>"; };
		073C841E2391590300B02366 /* Carta.swift */ = {isa = PBXFileReference; fileEncoding = 4; lastKnownFileType = sourcecode.swift; path = Carta.swift; sourceTree = "<group>"; };
		073C842423915E3D00B02366 /* Card 2.storyboard */ = {isa = PBXFileReference; fileEncoding = 4; lastKnownFileType = file.storyboard; path = "Card 2.storyboard"; sourceTree = "<group>"; };
		073C842823915ED700B02366 /* CardViewController.swift */ = {isa = PBXFileReference; fileEncoding = 4; lastKnownFileType = sourcecode.swift; path = CardViewController.swift; sourceTree = "<group>"; };
		07455DC8239C28C700BAA49A /* Rodada.swift */ = {isa = PBXFileReference; lastKnownFileType = sourcecode.swift; path = Rodada.swift; sourceTree = "<group>"; };
		075983A4239D6C650027CB21 /* ResultPopUp.storyboard */ = {isa = PBXFileReference; fileEncoding = 4; lastKnownFileType = file.storyboard; path = ResultPopUp.storyboard; sourceTree = "<group>"; };
		0781C31F239971F100D0C9E0 /* Tarefa.swift */ = {isa = PBXFileReference; fileEncoding = 4; lastKnownFileType = sourcecode.swift; path = Tarefa.swift; sourceTree = "<group>"; };
		0781C323239A770B00D0C9E0 /* Players.storyboard */ = {isa = PBXFileReference; fileEncoding = 4; lastKnownFileType = file.storyboard; name = Players.storyboard; path = FestaSurpresa/Players.storyboard; sourceTree = SOURCE_ROOT; };
		0781C327239A77E100D0C9E0 /* PlayersViewController.swift */ = {isa = PBXFileReference; fileEncoding = 4; lastKnownFileType = sourcecode.swift; name = PlayersViewController.swift; path = FestaSurpresa/PlayersViewController.swift; sourceTree = SOURCE_ROOT; };
		07A41B1B238FEDF00024AA60 /* Player.swift */ = {isa = PBXFileReference; fileEncoding = 4; lastKnownFileType = sourcecode.swift; name = Player.swift; path = FestaSurpresa/Player.swift; sourceTree = SOURCE_ROOT; };
		07B0DF7A239953AE00BF267B /* ConfeteVert.sks */ = {isa = PBXFileReference; lastKnownFileType = file.sks; path = ConfeteVert.sks; sourceTree = "<group>"; };
		07B0DF7B239953AE00BF267B /* WaitingRoom.sks */ = {isa = PBXFileReference; lastKnownFileType = file.sks; path = WaitingRoom.sks; sourceTree = "<group>"; };
		07B0DF7D239953AE00BF267B /* VerticalScene.sks */ = {isa = PBXFileReference; lastKnownFileType = file.sks; path = VerticalScene.sks; sourceTree = "<group>"; };
		07B0DF7E239953AE00BF267B /* HorizontalScene.sks */ = {isa = PBXFileReference; lastKnownFileType = file.sks; path = HorizontalScene.sks; sourceTree = "<group>"; };
		07B0DF7F239953AE00BF267B /* AllCards.storyboard */ = {isa = PBXFileReference; fileEncoding = 4; lastKnownFileType = file.storyboard; path = AllCards.storyboard; sourceTree = "<group>"; };
		07B0DF81239953AF00BF267B /* WaitingPlayers.storyboard */ = {isa = PBXFileReference; fileEncoding = 4; lastKnownFileType = file.storyboard; path = WaitingPlayers.storyboard; sourceTree = "<group>"; };
		07B0DF8A239953BC00BF267B /* Colors.swift */ = {isa = PBXFileReference; fileEncoding = 4; lastKnownFileType = sourcecode.swift; path = Colors.swift; sourceTree = "<group>"; };
		07B0DF8C239953EA00BF267B /* AllCardsViewController.swift */ = {isa = PBXFileReference; fileEncoding = 4; lastKnownFileType = sourcecode.swift; path = AllCardsViewController.swift; sourceTree = "<group>"; };
		07B0DF8D239953EA00BF267B /* WaitingPlayersViewController.swift */ = {isa = PBXFileReference; fileEncoding = 4; lastKnownFileType = sourcecode.swift; path = WaitingPlayersViewController.swift; sourceTree = "<group>"; };
		07B0DF8E239953EA00BF267B /* VerticalScene.swift */ = {isa = PBXFileReference; fileEncoding = 4; lastKnownFileType = sourcecode.swift; path = VerticalScene.swift; sourceTree = "<group>"; };
		07B0DF8F239953EA00BF267B /* ResultPopUp.swift */ = {isa = PBXFileReference; fileEncoding = 4; lastKnownFileType = sourcecode.swift; path = ResultPopUp.swift; sourceTree = "<group>"; };
		88E7913C239A84B70056CEAF /* WinScene.sks */ = {isa = PBXFileReference; lastKnownFileType = file.sks; path = WinScene.sks; sourceTree = "<group>"; };
		88E7913D239A84B70056CEAF /* Win.storyboard */ = {isa = PBXFileReference; fileEncoding = 4; lastKnownFileType = file.storyboard; path = Win.storyboard; sourceTree = "<group>"; };
		88E79140239A84C80056CEAF /* WinScene.swift */ = {isa = PBXFileReference; fileEncoding = 4; lastKnownFileType = sourcecode.swift; path = WinScene.swift; sourceTree = "<group>"; };
		88E79141239A84C80056CEAF /* WinViewController.swift */ = {isa = PBXFileReference; fileEncoding = 4; lastKnownFileType = sourcecode.swift; path = WinViewController.swift; sourceTree = "<group>"; };
		88E79144239A9E380056CEAF /* HorizontalScene.swift */ = {isa = PBXFileReference; lastKnownFileType = sourcecode.swift; path = HorizontalScene.swift; sourceTree = "<group>"; };
		88E79148239BE6240056CEAF /* WaitingRoom.swift */ = {isa = PBXFileReference; fileEncoding = 4; lastKnownFileType = sourcecode.swift; path = WaitingRoom.swift; sourceTree = "<group>"; };
		A489800C228F49E700852716 /* FestaSurpresa.app */ = {isa = PBXFileReference; explicitFileType = wrapper.application; includeInIndex = 0; path = FestaSurpresa.app; sourceTree = BUILT_PRODUCTS_DIR; };
		A489800F228F49E700852716 /* AppDelegate.swift */ = {isa = PBXFileReference; lastKnownFileType = sourcecode.swift; path = AppDelegate.swift; sourceTree = "<group>"; };
		A4898011228F49E700852716 /* ViewController.swift */ = {isa = PBXFileReference; lastKnownFileType = sourcecode.swift; path = ViewController.swift; sourceTree = "<group>"; };
		A4898014228F49E700852716 /* Base */ = {isa = PBXFileReference; lastKnownFileType = file.storyboard; name = Base; path = Base.lproj/Main.storyboard; sourceTree = "<group>"; };
		A4898016228F49E800852716 /* Assets.xcassets */ = {isa = PBXFileReference; lastKnownFileType = folder.assetcatalog; path = Assets.xcassets; sourceTree = "<group>"; };
		A4898019228F49E800852716 /* Base */ = {isa = PBXFileReference; lastKnownFileType = file.storyboard; name = Base; path = Base.lproj/LaunchScreen.storyboard; sourceTree = "<group>"; };
		A489801B228F49E800852716 /* Info.plist */ = {isa = PBXFileReference; lastKnownFileType = text.plist.xml; path = Info.plist; sourceTree = "<group>"; };
/* End PBXFileReference section */

/* Begin PBXFrameworksBuildPhase section */
		A4898009228F49E700852716 /* Frameworks */ = {
			isa = PBXFrameworksBuildPhase;
			buildActionMask = 2147483647;
			files = (
			);
			runOnlyForDeploymentPostprocessing = 0;
		};
/* End PBXFrameworksBuildPhase section */

/* Begin PBXGroup section */
		073521F9238EBF32003CB5AF /* Model */ = {
			isa = PBXGroup;
			children = (
				07A41B1B238FEDF00024AA60 /* Player.swift */,
				073C841A23914C8D00B02366 /* SessionHandler.swift */,
				07B0DF8A239953BC00BF267B /* Colors.swift */,
				01C2BCED23992B6200D13927 /* Instrucao.swift */,
				073C841E2391590300B02366 /* Carta.swift */,
				073C841C239158F500B02366 /* Model.swift */,
				0781C31F239971F100D0C9E0 /* Tarefa.swift */,
				07455DC8239C28C700BAA49A /* Rodada.swift */,
			);
			path = Model;
			sourceTree = "<group>";
		};
		073521FA238EBF3A003CB5AF /* View */ = {
			isa = PBXGroup;
			children = (
				88E7913D239A84B70056CEAF /* Win.storyboard */,
				88E7913C239A84B70056CEAF /* WinScene.sks */,
				A4898013228F49E700852716 /* Main.storyboard */,
				A4898018228F49E800852716 /* LaunchScreen.storyboard */,
				01AF2EE72394614900207522 /* RulesScreen.storyboard */,
				073C842423915E3D00B02366 /* Card 2.storyboard */,
				07B0DF7F239953AE00BF267B /* AllCards.storyboard */,
				07B0DF7A239953AE00BF267B /* ConfeteVert.sks */,
				07B0DF7E239953AE00BF267B /* HorizontalScene.sks */,
				075983A4239D6C650027CB21 /* ResultPopUp.storyboard */,
				07B0DF7D239953AE00BF267B /* VerticalScene.sks */,
				07B0DF81239953AF00BF267B /* WaitingPlayers.storyboard */,
				0781C323239A770B00D0C9E0 /* Players.storyboard */,
				07B0DF7B239953AE00BF267B /* WaitingRoom.sks */,
				07229F9E239BFB8D00F8E251 /* RequestHelpPopUp.storyboard */,
			);
			path = View;
			sourceTree = "<group>";
		};
		073521FB238EBF4B003CB5AF /* Controller */ = {
			isa = PBXGroup;
			children = (
				88E79140239A84C80056CEAF /* WinScene.swift */,
				88E79141239A84C80056CEAF /* WinViewController.swift */,
				A4898011228F49E700852716 /* ViewController.swift */,
				01AF2EE9239461D000207522 /* RuleScreenController.swift */,
				073C842823915ED700B02366 /* CardViewController.swift */,
				07B0DF8C239953EA00BF267B /* AllCardsViewController.swift */,
				07B0DF8F239953EA00BF267B /* ResultPopUp.swift */,
				07229F9A239BEFFB00F8E251 /* RequestHelpPopUp.swift */,
				07B0DF8E239953EA00BF267B /* VerticalScene.swift */,
				0781C327239A77E100D0C9E0 /* PlayersViewController.swift */,
				07B0DF8D239953EA00BF267B /* WaitingPlayersViewController.swift */,
				88E79148239BE6240056CEAF /* WaitingRoom.swift */,
				88E79144239A9E380056CEAF /* HorizontalScene.swift */,
			);
			path = Controller;
			sourceTree = "<group>";
		};
		0781C31C2399712300D0C9E0 /* Recovered References */ = {
			isa = PBXGroup;
			children = (
				019C60D023995B7A006237C7 /* Model.swift */,
			);
			name = "Recovered References";
			sourceTree = "<group>";
		};
		A4898003228F49E700852716 = {
			isa = PBXGroup;
			children = (
				A489800E228F49E700852716 /* FestaSurpresa */,
				A489800D228F49E700852716 /* Products */,
				0781C31C2399712300D0C9E0 /* Recovered References */,
			);
			sourceTree = "<group>";
		};
		A489800D228F49E700852716 /* Products */ = {
			isa = PBXGroup;
			children = (
				A489800C228F49E700852716 /* FestaSurpresa.app */,
			);
			name = Products;
			sourceTree = "<group>";
		};
		A489800E228F49E700852716 /* FestaSurpresa */ = {
			isa = PBXGroup;
			children = (
				073521FB238EBF4B003CB5AF /* Controller */,
				073521FA238EBF3A003CB5AF /* View */,
				073521F9238EBF32003CB5AF /* Model */,
				A489800F228F49E700852716 /* AppDelegate.swift */,
				A4898016228F49E800852716 /* Assets.xcassets */,
				A489801B228F49E800852716 /* Info.plist */,
			);
			path = FestaSurpresa;
			sourceTree = "<group>";
		};
/* End PBXGroup section */

/* Begin PBXNativeTarget section */
		A489800B228F49E700852716 /* FestaSurpresa */ = {
			isa = PBXNativeTarget;
			buildConfigurationList = A489801E228F49E800852716 /* Build configuration list for PBXNativeTarget "FestaSurpresa" */;
			buildPhases = (
				A4898008228F49E700852716 /* Sources */,
				A4898009228F49E700852716 /* Frameworks */,
				A489800A228F49E700852716 /* Resources */,
			);
			buildRules = (
			);
			dependencies = (
			);
			name = FestaSurpresa;
			productName = IOSMultipeerConnectivityTutorial;
			productReference = A489800C228F49E700852716 /* FestaSurpresa.app */;
			productType = "com.apple.product-type.application";
		};
/* End PBXNativeTarget section */

/* Begin PBXProject section */
		A4898004228F49E700852716 /* Project object */ = {
			isa = PBXProject;
			attributes = {
				LastSwiftUpdateCheck = 1020;
				LastUpgradeCheck = 1020;
				ORGANIZATIONNAME = Aoba;
				TargetAttributes = {
					A489800B228F49E700852716 = {
						CreatedOnToolsVersion = 10.2.1;
					};
				};
			};
			buildConfigurationList = A4898007228F49E700852716 /* Build configuration list for PBXProject "FestaSurpresa" */;
			compatibilityVersion = "Xcode 9.3";
			developmentRegion = en;
			hasScannedForEncodings = 0;
			knownRegions = (
				en,
				Base,
			);
			mainGroup = A4898003228F49E700852716;
			productRefGroup = A489800D228F49E700852716 /* Products */;
			projectDirPath = "";
			projectRoot = "";
			targets = (
				A489800B228F49E700852716 /* FestaSurpresa */,
			);
		};
/* End PBXProject section */

/* Begin PBXResourcesBuildPhase section */
		A489800A228F49E700852716 /* Resources */ = {
			isa = PBXResourcesBuildPhase;
			buildActionMask = 2147483647;
			files = (
				07B0DF86239953AF00BF267B /* HorizontalScene.sks in Resources */,
				07229F9F239BFB8D00F8E251 /* RequestHelpPopUp.storyboard in Resources */,
				01AF2EE82394614900207522 /* RulesScreen.storyboard in Resources */,
				07B0DF82239953AF00BF267B /* ConfeteVert.sks in Resources */,
				88E7913E239A84B70056CEAF /* WinScene.sks in Resources */,
				07B0DF83239953AF00BF267B /* WaitingRoom.sks in Resources */,
				0781C322239973BD00D0C9E0 /* Card 2.storyboard in Resources */,
				88E7913F239A84B70056CEAF /* Win.storyboard in Resources */,
				075983A5239D6C660027CB21 /* ResultPopUp.storyboard in Resources */,
				07229F98239A9A7E00F8E251 /* Players.storyboard in Resources */,
				07B0DF89239953AF00BF267B /* WaitingPlayers.storyboard in Resources */,
				A489801A228F49E800852716 /* LaunchScreen.storyboard in Resources */,
				A4898017228F49E800852716 /* Assets.xcassets in Resources */,
				A4898015228F49E700852716 /* Main.storyboard in Resources */,
				07B0DF85239953AF00BF267B /* VerticalScene.sks in Resources */,
				07B0DF87239953AF00BF267B /* AllCards.storyboard in Resources */,
			);
			runOnlyForDeploymentPostprocessing = 0;
		};
/* End PBXResourcesBuildPhase section */

/* Begin PBXSourcesBuildPhase section */
		A4898008228F49E700852716 /* Sources */ = {
			isa = PBXSourcesBuildPhase;
			buildActionMask = 2147483647;
			files = (
				0781C31D239971CD00D0C9E0 /* Model.swift in Sources */,
				88E79142239A84C80056CEAF /* WinScene.swift in Sources */,
				07455DC9239C28C700BAA49A /* Rodada.swift in Sources */,
				073C841F2391590300B02366 /* Carta.swift in Sources */,
				0781C31E239971DB00D0C9E0 /* Instrucao.swift in Sources */,
				07B0DF92239953EA00BF267B /* WaitingPlayersViewController.swift in Sources */,
				07B0DF8B239953BC00BF267B /* Colors.swift in Sources */,
				A4898012228F49E700852716 /* ViewController.swift in Sources */,
				88E79143239A84C80056CEAF /* WinViewController.swift in Sources */,
				07229F99239A9A8F00F8E251 /* PlayersViewController.swift in Sources */,
				07B0DF91239953EA00BF267B /* AllCardsViewController.swift in Sources */,
				0781C320239971F100D0C9E0 /* Tarefa.swift in Sources */,
				073C841B23914C8D00B02366 /* SessionHandler.swift in Sources */,
				079690572396AB21002DC8A9 /* (null) in Sources */,
				A4898012228F49E700852716 /* ViewController.swift in Sources */,
				88E79149239BE6240056CEAF /* WaitingRoom.swift in Sources */,
				07B0DF93239953EA00BF267B /* VerticalScene.swift in Sources */,
				07A41B1C238FEDF00024AA60 /* Player.swift in Sources */,
				0781C3212399739100D0C9E0 /* CardViewController.swift in Sources */,
				01AF2EEA239461D000207522 /* RuleScreenController.swift in Sources */,
				A4898010228F49E700852716 /* AppDelegate.swift in Sources */,
				07229F9B239BEFFB00F8E251 /* RequestHelpPopUp.swift in Sources */,
				88E79145239A9E380056CEAF /* HorizontalScene.swift in Sources */,
				07B0DF94239953EA00BF267B /* ResultPopUp.swift in Sources */,
			);
			runOnlyForDeploymentPostprocessing = 0;
		};
/* End PBXSourcesBuildPhase section */

/* Begin PBXVariantGroup section */
		A4898013228F49E700852716 /* Main.storyboard */ = {
			isa = PBXVariantGroup;
			children = (
				A4898014228F49E700852716 /* Base */,
			);
			name = Main.storyboard;
			sourceTree = "<group>";
		};
		A4898018228F49E800852716 /* LaunchScreen.storyboard */ = {
			isa = PBXVariantGroup;
			children = (
				A4898019228F49E800852716 /* Base */,
			);
			name = LaunchScreen.storyboard;
			sourceTree = "<group>";
		};
/* End PBXVariantGroup section */

/* Begin XCBuildConfiguration section */
		A489801C228F49E800852716 /* Debug */ = {
			isa = XCBuildConfiguration;
			buildSettings = {
				ALWAYS_SEARCH_USER_PATHS = NO;
				CLANG_ANALYZER_NONNULL = YES;
				CLANG_ANALYZER_NUMBER_OBJECT_CONVERSION = YES_AGGRESSIVE;
				CLANG_CXX_LANGUAGE_STANDARD = "gnu++14";
				CLANG_CXX_LIBRARY = "libc++";
				CLANG_ENABLE_MODULES = YES;
				CLANG_ENABLE_OBJC_ARC = YES;
				CLANG_ENABLE_OBJC_WEAK = YES;
				CLANG_WARN_BLOCK_CAPTURE_AUTORELEASING = YES;
				CLANG_WARN_BOOL_CONVERSION = YES;
				CLANG_WARN_COMMA = YES;
				CLANG_WARN_CONSTANT_CONVERSION = YES;
				CLANG_WARN_DEPRECATED_OBJC_IMPLEMENTATIONS = YES;
				CLANG_WARN_DIRECT_OBJC_ISA_USAGE = YES_ERROR;
				CLANG_WARN_DOCUMENTATION_COMMENTS = YES;
				CLANG_WARN_EMPTY_BODY = YES;
				CLANG_WARN_ENUM_CONVERSION = YES;
				CLANG_WARN_INFINITE_RECURSION = YES;
				CLANG_WARN_INT_CONVERSION = YES;
				CLANG_WARN_NON_LITERAL_NULL_CONVERSION = YES;
				CLANG_WARN_OBJC_IMPLICIT_RETAIN_SELF = YES;
				CLANG_WARN_OBJC_LITERAL_CONVERSION = YES;
				CLANG_WARN_OBJC_ROOT_CLASS = YES_ERROR;
				CLANG_WARN_RANGE_LOOP_ANALYSIS = YES;
				CLANG_WARN_STRICT_PROTOTYPES = YES;
				CLANG_WARN_SUSPICIOUS_MOVE = YES;
				CLANG_WARN_UNGUARDED_AVAILABILITY = YES_AGGRESSIVE;
				CLANG_WARN_UNREACHABLE_CODE = YES;
				CLANG_WARN__DUPLICATE_METHOD_MATCH = YES;
				CODE_SIGN_IDENTITY = "iPhone Developer";
				COPY_PHASE_STRIP = NO;
				DEBUG_INFORMATION_FORMAT = dwarf;
				ENABLE_STRICT_OBJC_MSGSEND = YES;
				ENABLE_TESTABILITY = YES;
				GCC_C_LANGUAGE_STANDARD = gnu11;
				GCC_DYNAMIC_NO_PIC = NO;
				GCC_NO_COMMON_BLOCKS = YES;
				GCC_OPTIMIZATION_LEVEL = 0;
				GCC_PREPROCESSOR_DEFINITIONS = (
					"DEBUG=1",
					"$(inherited)",
				);
				GCC_WARN_64_TO_32_BIT_CONVERSION = YES;
				GCC_WARN_ABOUT_RETURN_TYPE = YES_ERROR;
				GCC_WARN_UNDECLARED_SELECTOR = YES;
				GCC_WARN_UNINITIALIZED_AUTOS = YES_AGGRESSIVE;
				GCC_WARN_UNUSED_FUNCTION = YES;
				GCC_WARN_UNUSED_VARIABLE = YES;
				IPHONEOS_DEPLOYMENT_TARGET = 12.2;
				MTL_ENABLE_DEBUG_INFO = INCLUDE_SOURCE;
				MTL_FAST_MATH = YES;
				ONLY_ACTIVE_ARCH = YES;
				SDKROOT = iphoneos;
				SWIFT_ACTIVE_COMPILATION_CONDITIONS = DEBUG;
				SWIFT_OPTIMIZATION_LEVEL = "-Onone";
			};
			name = Debug;
		};
		A489801D228F49E800852716 /* Release */ = {
			isa = XCBuildConfiguration;
			buildSettings = {
				ALWAYS_SEARCH_USER_PATHS = NO;
				CLANG_ANALYZER_NONNULL = YES;
				CLANG_ANALYZER_NUMBER_OBJECT_CONVERSION = YES_AGGRESSIVE;
				CLANG_CXX_LANGUAGE_STANDARD = "gnu++14";
				CLANG_CXX_LIBRARY = "libc++";
				CLANG_ENABLE_MODULES = YES;
				CLANG_ENABLE_OBJC_ARC = YES;
				CLANG_ENABLE_OBJC_WEAK = YES;
				CLANG_WARN_BLOCK_CAPTURE_AUTORELEASING = YES;
				CLANG_WARN_BOOL_CONVERSION = YES;
				CLANG_WARN_COMMA = YES;
				CLANG_WARN_CONSTANT_CONVERSION = YES;
				CLANG_WARN_DEPRECATED_OBJC_IMPLEMENTATIONS = YES;
				CLANG_WARN_DIRECT_OBJC_ISA_USAGE = YES_ERROR;
				CLANG_WARN_DOCUMENTATION_COMMENTS = YES;
				CLANG_WARN_EMPTY_BODY = YES;
				CLANG_WARN_ENUM_CONVERSION = YES;
				CLANG_WARN_INFINITE_RECURSION = YES;
				CLANG_WARN_INT_CONVERSION = YES;
				CLANG_WARN_NON_LITERAL_NULL_CONVERSION = YES;
				CLANG_WARN_OBJC_IMPLICIT_RETAIN_SELF = YES;
				CLANG_WARN_OBJC_LITERAL_CONVERSION = YES;
				CLANG_WARN_OBJC_ROOT_CLASS = YES_ERROR;
				CLANG_WARN_RANGE_LOOP_ANALYSIS = YES;
				CLANG_WARN_STRICT_PROTOTYPES = YES;
				CLANG_WARN_SUSPICIOUS_MOVE = YES;
				CLANG_WARN_UNGUARDED_AVAILABILITY = YES_AGGRESSIVE;
				CLANG_WARN_UNREACHABLE_CODE = YES;
				CLANG_WARN__DUPLICATE_METHOD_MATCH = YES;
				CODE_SIGN_IDENTITY = "iPhone Developer";
				COPY_PHASE_STRIP = NO;
				DEBUG_INFORMATION_FORMAT = "dwarf-with-dsym";
				ENABLE_NS_ASSERTIONS = NO;
				ENABLE_STRICT_OBJC_MSGSEND = YES;
				GCC_C_LANGUAGE_STANDARD = gnu11;
				GCC_NO_COMMON_BLOCKS = YES;
				GCC_WARN_64_TO_32_BIT_CONVERSION = YES;
				GCC_WARN_ABOUT_RETURN_TYPE = YES_ERROR;
				GCC_WARN_UNDECLARED_SELECTOR = YES;
				GCC_WARN_UNINITIALIZED_AUTOS = YES_AGGRESSIVE;
				GCC_WARN_UNUSED_FUNCTION = YES;
				GCC_WARN_UNUSED_VARIABLE = YES;
				IPHONEOS_DEPLOYMENT_TARGET = 12.2;
				MTL_ENABLE_DEBUG_INFO = NO;
				MTL_FAST_MATH = YES;
				SDKROOT = iphoneos;
				SWIFT_COMPILATION_MODE = wholemodule;
				SWIFT_OPTIMIZATION_LEVEL = "-O";
				VALIDATE_PRODUCT = YES;
			};
			name = Release;
		};
		A489801F228F49E800852716 /* Debug */ = {
			isa = XCBuildConfiguration;
			buildSettings = {
				ASSETCATALOG_COMPILER_APPICON_NAME = AppIcon;
				CODE_SIGN_STYLE = Automatic;
				DEVELOPMENT_TEAM = ZSLUMCNRNL;
				INFOPLIST_FILE = FestaSurpresa/Info.plist;
				LD_RUNPATH_SEARCH_PATHS = (
					"$(inherited)",
					"@executable_path/Frameworks",
				);
				PRODUCT_BUNDLE_IDENTIFIER = com.aoba.FestaSurpresa;
				PRODUCT_NAME = "$(TARGET_NAME)";
				SWIFT_VERSION = 5.0;
				TARGETED_DEVICE_FAMILY = "1,2";
			};
			name = Debug;
		};
		A4898020228F49E800852716 /* Release */ = {
			isa = XCBuildConfiguration;
			buildSettings = {
				ASSETCATALOG_COMPILER_APPICON_NAME = AppIcon;
				CODE_SIGN_STYLE = Automatic;
				DEVELOPMENT_TEAM = ZSLUMCNRNL;
				INFOPLIST_FILE = FestaSurpresa/Info.plist;
				LD_RUNPATH_SEARCH_PATHS = (
					"$(inherited)",
					"@executable_path/Frameworks",
				);
				PRODUCT_BUNDLE_IDENTIFIER = com.aoba.FestaSurpresa;
				PRODUCT_NAME = "$(TARGET_NAME)";
				SWIFT_VERSION = 5.0;
				TARGETED_DEVICE_FAMILY = "1,2";
			};
			name = Release;
		};
/* End XCBuildConfiguration section */

/* Begin XCConfigurationList section */
		A4898007228F49E700852716 /* Build configuration list for PBXProject "FestaSurpresa" */ = {
			isa = XCConfigurationList;
			buildConfigurations = (
				A489801C228F49E800852716 /* Debug */,
				A489801D228F49E800852716 /* Release */,
			);
			defaultConfigurationIsVisible = 0;
			defaultConfigurationName = Release;
		};
		A489801E228F49E800852716 /* Build configuration list for PBXNativeTarget "FestaSurpresa" */ = {
			isa = XCConfigurationList;
			buildConfigurations = (
				A489801F228F49E800852716 /* Debug */,
				A4898020228F49E800852716 /* Release */,
			);
			defaultConfigurationIsVisible = 0;
			defaultConfigurationName = Release;
		};
/* End XCConfigurationList section */
	};
	rootObject = A4898004228F49E700852716 /* Project object */;
}
